
Microsoft Visual Studio Solution File, Format Version 12.00
# Visual Studio Version 17
VisualStudioVersion = 17.5.33502.453
MinimumVisualStudioVersion = 10.0.40219.1
Project("{FAE04EC0-301F-11D3-BF4B-00C04F79EFBC}") = "PRN231API", "PRN231API\PRN231API.csproj", "{850A8F72-4389-4040-A3CB-EE8B4F23BE87}"
EndProject
Project("{FAE04EC0-301F-11D3-BF4B-00C04F79EFBC}") = "PRN231MVC", "PRN231MVC\PRN231MVC.csproj", "{BB5019A3-16A2-42CB-A62B-38E7F8A55F20}"
EndProject
Global
	GlobalSection(SolutionConfigurationPlatforms) = preSolution
		Debug|Any CPU = Debug|Any CPU
		Release|Any CPU = Release|Any CPU
	EndGlobalSection
	GlobalSection(ProjectConfigurationPlatforms) = postSolution
		{850A8F72-4389-4040-A3CB-EE8B4F23BE87}.Debug|Any CPU.ActiveCfg = Debug|Any CPU
		{850A8F72-4389-4040-A3CB-EE8B4F23BE87}.Debug|Any CPU.Build.0 = Debug|Any CPU
		{850A8F72-4389-4040-A3CB-EE8B4F23BE87}.Release|Any CPU.ActiveCfg = Release|Any CPU
		{850A8F72-4389-4040-A3CB-EE8B4F23BE87}.Release|Any CPU.Build.0 = Release|Any CPU
		{BB5019A3-16A2-42CB-A62B-38E7F8A55F20}.Debug|Any CPU.ActiveCfg = Debug|Any CPU
		{BB5019A3-16A2-42CB-A62B-38E7F8A55F20}.Debug|Any CPU.Build.0 = Debug|Any CPU
		{BB5019A3-16A2-42CB-A62B-38E7F8A55F20}.Release|Any CPU.ActiveCfg = Release|Any CPU
		{BB5019A3-16A2-42CB-A62B-38E7F8A55F20}.Release|Any CPU.Build.0 = Release|Any CPU
	EndGlobalSection
	GlobalSection(SolutionProperties) = preSolution
		HideSolutionNode = FALSE
	EndGlobalSection
	GlobalSection(ExtensibilityGlobals) = postSolution
		SolutionGuid = {1F084295-9DBA-4A09-9AD1-DC1C8065F8BE}
	EndGlobalSection
EndGlobal
